PODS:
  - Nimble (9.2.1)
  - Quick (4.0.0)
  - SwiftLint (0.44.0)

DEPENDENCIES:
  - Nimble
  - Quick
  - SwiftLint

SPEC REPOS:
  trunk:
    - Nimble
    - Quick
    - SwiftLint

SPEC CHECKSUMS:
  Nimble: e7e615c0335ee4bf5b0d786685451e62746117d5
  Quick: 6473349e43b9271a8d43839d9ba1c442ed1b7ac4
  SwiftLint: e96c0a8c770c7ebbc4d36c55baf9096bb65c4584

PODFILE CHECKSUM: 4fe2a44f8c34631622aa7babb331d276d16c9581

COCOAPODS: 1.11.0
