// !$*UTF8*$!
{
	archiveVersion = 1;
	classes = {
	};
	objectVersion = 50;
	objects = {

/* Begin PBXBuildFile section */
		3816F510240496D2007479B4 /* ProtectedRequest.swift in Sources */ = {isa = PBXBuildFile; fileRef = 3816F50F240496D2007479B4 /* ProtectedRequest.swift */; };
		3816F512240499E9007479B4 /* Request+Protect.swift in Sources */ = {isa = PBXBuildFile; fileRef = 3816F511240499E9007479B4 /* Request+Protect.swift */; };
		3816F51424049ACE007479B4 /* ProtectionSpace.swift in Sources */ = {isa = PBXBuildFile; fileRef = 3816F51324049ACE007479B4 /* ProtectionSpace.swift */; };
		3816F518240548F4007479B4 /* Request+Transition.swift in Sources */ = {isa = PBXBuildFile; fileRef = 3816F517240548F4007479B4 /* Request+Transition.swift */; };
		3816F51A2405491B007479B4 /* TransitionRequest.swift in Sources */ = {isa = PBXBuildFile; fileRef = 3816F5192405491B007479B4 /* TransitionRequest.swift */; };
		3816F51D24055095007479B4 /* Configuration.swift in Sources */ = {isa = PBXBuildFile; fileRef = 3816F51C24055095007479B4 /* Configuration.swift */; };
		3816F51F24055866007479B4 /* Configurable.swift in Sources */ = {isa = PBXBuildFile; fileRef = 3816F51E24055866007479B4 /* Configurable.swift */; };
		3816F52124055C76007479B4 /* AnimatedRequest.swift in Sources */ = {isa = PBXBuildFile; fileRef = 3816F52024055C76007479B4 /* AnimatedRequest.swift */; };
		3816F52324055CBA007479B4 /* Request+Animate.swift in Sources */ = {isa = PBXBuildFile; fileRef = 3816F52224055CBA007479B4 /* Request+Animate.swift */; };
		3816F525240570E5007479B4 /* Protectable.swift in Sources */ = {isa = PBXBuildFile; fileRef = 3816F524240570E5007479B4 /* Protectable.swift */; };
		3816F52D24057A91007479B4 /* Routing_RouteMatch.swift in Sources */ = {isa = PBXBuildFile; fileRef = 3816F52724057A91007479B4 /* Routing_RouteMatch.swift */; };
		3816F52E24057A91007479B4 /* Routing_Route.swift in Sources */ = {isa = PBXBuildFile; fileRef = 3816F52824057A91007479B4 /* Routing_Route.swift */; };
		3816F53024057A91007479B4 /* Routing_RegularExpression.swift in Sources */ = {isa = PBXBuildFile; fileRef = 3816F52A24057A91007479B4 /* Routing_RegularExpression.swift */; };
		3816F53124057A91007479B4 /* Routing_Router.swift in Sources */ = {isa = PBXBuildFile; fileRef = 3816F52B24057A91007479B4 /* Routing_Router.swift */; };
		3816F53224057A91007479B4 /* Routing.swift in Sources */ = {isa = PBXBuildFile; fileRef = 3816F52C24057A91007479B4 /* Routing.swift */; };
		3816F53424057B24007479B4 /* Matchable.swift in Sources */ = {isa = PBXBuildFile; fileRef = 3816F53324057B24007479B4 /* Matchable.swift */; };
		3816F53624057BD4007479B4 /* Routable.swift in Sources */ = {isa = PBXBuildFile; fileRef = 3816F53524057BD4007479B4 /* Routable.swift */; };
		3816F5382405D21B007479B4 /* Matchable+Types.swift in Sources */ = {isa = PBXBuildFile; fileRef = 3816F5372405D21B007479B4 /* Matchable+Types.swift */; };
		3816F53A2406773A007479B4 /* AnyDestination.swift in Sources */ = {isa = PBXBuildFile; fileRef = 3816F5392406773A007479B4 /* AnyDestination.swift */; };
		3816F53C24069342007479B4 /* Route.swift in Sources */ = {isa = PBXBuildFile; fileRef = 3816F53B24069342007479B4 /* Route.swift */; };
		3816F54024069D69007479B4 /* Link.swift in Sources */ = {isa = PBXBuildFile; fileRef = 3816F53F24069D69007479B4 /* Link.swift */; };
		3816F5422406BA91007479B4 /* ViewControllerWrapper.swift in Sources */ = {isa = PBXBuildFile; fileRef = 3816F5412406BA91007479B4 /* ViewControllerWrapper.swift */; };
		3816F5442406BF0C007479B4 /* OrangeViewController.swift in Sources */ = {isa = PBXBuildFile; fileRef = 3816F5432406BF0C007479B4 /* OrangeViewController.swift */; };
		3816F5462406C30C007479B4 /* ViewWrapper.swift in Sources */ = {isa = PBXBuildFile; fileRef = 3816F5452406C30C007479B4 /* ViewWrapper.swift */; };
		3816F5482406C3C5007479B4 /* BlueView.swift in Sources */ = {isa = PBXBuildFile; fileRef = 3816F5472406C3C5007479B4 /* BlueView.swift */; };
		3816F54A2406CE94007479B4 /* DestinationColor.swift in Sources */ = {isa = PBXBuildFile; fileRef = 3816F5492406CE94007479B4 /* DestinationColor.swift */; };
		3816F54C2406CE9B007479B4 /* ColorView.swift in Sources */ = {isa = PBXBuildFile; fileRef = 3816F54B2406CE9B007479B4 /* ColorView.swift */; };
		3816F54E2406CF4C007479B4 /* HomeView.swift in Sources */ = {isa = PBXBuildFile; fileRef = 3816F54D2406CF4C007479B4 /* HomeView.swift */; };
		383AFB7B24114FA2004633BC /* Destination+View.swift in Sources */ = {isa = PBXBuildFile; fileRef = 383AFB7A24114FA2004633BC /* Destination+View.swift */; };
		38583CB624047FC80038FC4C /* CoreNavigation.h in Headers */ = {isa = PBXBuildFile; fileRef = 38583CB424047FC80038FC4C /* CoreNavigation.h */; settings = {ATTRIBUTES = (Public, ); }; };
		38583CBE24047FFD0038FC4C /* NavigationContainer.swift in Sources */ = {isa = PBXBuildFile; fileRef = 38583CBD24047FFD0038FC4C /* NavigationContainer.swift */; };
		38583CC1240480810038FC4C /* Navigation.swift in Sources */ = {isa = PBXBuildFile; fileRef = 38583CC0240480810038FC4C /* Navigation.swift */; };
		38583CC9240481530038FC4C /* AppDelegate.swift in Sources */ = {isa = PBXBuildFile; fileRef = 38583CC8240481530038FC4C /* AppDelegate.swift */; };
		38583CCB240481530038FC4C /* SceneDelegate.swift in Sources */ = {isa = PBXBuildFile; fileRef = 38583CCA240481530038FC4C /* SceneDelegate.swift */; };
		38583CCD240481530038FC4C /* ContentView.swift in Sources */ = {isa = PBXBuildFile; fileRef = 38583CCC240481530038FC4C /* ContentView.swift */; };
		38583CCF240481540038FC4C /* Assets.xcassets in Resources */ = {isa = PBXBuildFile; fileRef = 38583CCE240481540038FC4C /* Assets.xcassets */; };
		38583CD2240481540038FC4C /* Preview Assets.xcassets in Resources */ = {isa = PBXBuildFile; fileRef = 38583CD1240481540038FC4C /* Preview Assets.xcassets */; };
		38583CD5240481540038FC4C /* LaunchScreen.storyboard in Resources */ = {isa = PBXBuildFile; fileRef = 38583CD3240481540038FC4C /* LaunchScreen.storyboard */; };
		38583CDB2404815A0038FC4C /* CoreNavigation.framework in Frameworks */ = {isa = PBXBuildFile; fileRef = 38583CB124047FC80038FC4C /* CoreNavigation.framework */; };
		38583CDC2404815A0038FC4C /* CoreNavigation.framework in Embed Frameworks */ = {isa = PBXBuildFile; fileRef = 38583CB124047FC80038FC4C /* CoreNavigation.framework */; settings = {ATTRIBUTES = (CodeSignOnCopy, RemoveHeadersOnCopy, ); }; };
		38583CE32404830A0038FC4C /* Destination.swift in Sources */ = {isa = PBXBuildFile; fileRef = 38583CE22404830A0038FC4C /* Destination.swift */; };
		38583CE6240483780038FC4C /* ViewDestination.swift in Sources */ = {isa = PBXBuildFile; fileRef = 38583CE5240483780038FC4C /* ViewDestination.swift */; };
		38583CE82404852E0038FC4C /* DestinationRequest.swift in Sources */ = {isa = PBXBuildFile; fileRef = 38583CE72404852E0038FC4C /* DestinationRequest.swift */; };
		38583CEE2404888C0038FC4C /* Request.swift in Sources */ = {isa = PBXBuildFile; fileRef = 38583CED2404888C0038FC4C /* Request.swift */; };
		38583CF2240488EE0038FC4C /* RouteRequest.swift in Sources */ = {isa = PBXBuildFile; fileRef = 38583CF1240488EE0038FC4C /* RouteRequest.swift */; };
		38583D0224048B860038FC4C /* Resolver.swift in Sources */ = {isa = PBXBuildFile; fileRef = 38583D0124048B860038FC4C /* Resolver.swift */; };
		38F0233F2407FA5300B6C8E3 /* SheetModifier.swift in Sources */ = {isa = PBXBuildFile; fileRef = 38F0233E2407FA5300B6C8E3 /* SheetModifier.swift */; };
		38F023412408125100B6C8E3 /* Dismiss.swift in Sources */ = {isa = PBXBuildFile; fileRef = 38F023402408125100B6C8E3 /* Dismiss.swift */; };
		38F023432408132700B6C8E3 /* Pop.swift in Sources */ = {isa = PBXBuildFile; fileRef = 38F023422408132700B6C8E3 /* Pop.swift */; };
		38F023512408297F00B6C8E3 /* Routing.swift in Sources */ = {isa = PBXBuildFile; fileRef = 3816F52C24057A91007479B4 /* Routing.swift */; };
		38F023522408297F00B6C8E3 /* Routing_RouteMatch.swift in Sources */ = {isa = PBXBuildFile; fileRef = 3816F52724057A91007479B4 /* Routing_RouteMatch.swift */; };
		38F023532408297F00B6C8E3 /* Routing_Route.swift in Sources */ = {isa = PBXBuildFile; fileRef = 3816F52824057A91007479B4 /* Routing_Route.swift */; };
		38F023542408297F00B6C8E3 /* Routing_RegularExpression.swift in Sources */ = {isa = PBXBuildFile; fileRef = 3816F52A24057A91007479B4 /* Routing_RegularExpression.swift */; };
		38F023552408297F00B6C8E3 /* Routing_Router.swift in Sources */ = {isa = PBXBuildFile; fileRef = 3816F52B24057A91007479B4 /* Routing_Router.swift */; };
		38F023562408297F00B6C8E3 /* Matchable+Types.swift in Sources */ = {isa = PBXBuildFile; fileRef = 3816F5372405D21B007479B4 /* Matchable+Types.swift */; };
		38F023572408297F00B6C8E3 /* Request+Protect.swift in Sources */ = {isa = PBXBuildFile; fileRef = 3816F511240499E9007479B4 /* Request+Protect.swift */; };
		38F023582408297F00B6C8E3 /* Request+Transition.swift in Sources */ = {isa = PBXBuildFile; fileRef = 3816F517240548F4007479B4 /* Request+Transition.swift */; };
		38F023592408297F00B6C8E3 /* Request+Animate.swift in Sources */ = {isa = PBXBuildFile; fileRef = 3816F52224055CBA007479B4 /* Request+Animate.swift */; };
		38F0235A2408297F00B6C8E3 /* Configuration.swift in Sources */ = {isa = PBXBuildFile; fileRef = 3816F51C24055095007479B4 /* Configuration.swift */; };
		38F0235B2408297F00B6C8E3 /* Resolver.swift in Sources */ = {isa = PBXBuildFile; fileRef = 38583D0124048B860038FC4C /* Resolver.swift */; };
		38F0235C2408297F00B6C8E3 /* DestinationRequest.swift in Sources */ = {isa = PBXBuildFile; fileRef = 38583CE72404852E0038FC4C /* DestinationRequest.swift */; };
		38F0235D2408297F00B6C8E3 /* RouteRequest.swift in Sources */ = {isa = PBXBuildFile; fileRef = 38583CF1240488EE0038FC4C /* RouteRequest.swift */; };
		38F0235E2408297F00B6C8E3 /* ProtectedRequest.swift in Sources */ = {isa = PBXBuildFile; fileRef = 3816F50F240496D2007479B4 /* ProtectedRequest.swift */; };
		38F0235F2408297F00B6C8E3 /* TransitionRequest.swift in Sources */ = {isa = PBXBuildFile; fileRef = 3816F5192405491B007479B4 /* TransitionRequest.swift */; };
		38F023602408297F00B6C8E3 /* AnimatedRequest.swift in Sources */ = {isa = PBXBuildFile; fileRef = 3816F52024055C76007479B4 /* AnimatedRequest.swift */; };
		38F023612408297F00B6C8E3 /* ViewDestination.swift in Sources */ = {isa = PBXBuildFile; fileRef = 38583CE5240483780038FC4C /* ViewDestination.swift */; };
		38F023622408297F00B6C8E3 /* Routable.swift in Sources */ = {isa = PBXBuildFile; fileRef = 3816F53524057BD4007479B4 /* Routable.swift */; };
		38F023632408297F00B6C8E3 /* Matchable.swift in Sources */ = {isa = PBXBuildFile; fileRef = 3816F53324057B24007479B4 /* Matchable.swift */; };
		38F023642408297F00B6C8E3 /* Destination.swift in Sources */ = {isa = PBXBuildFile; fileRef = 38583CE22404830A0038FC4C /* Destination.swift */; };
		38F023652408297F00B6C8E3 /* Request.swift in Sources */ = {isa = PBXBuildFile; fileRef = 38583CED2404888C0038FC4C /* Request.swift */; };
		38F023662408297F00B6C8E3 /* ProtectionSpace.swift in Sources */ = {isa = PBXBuildFile; fileRef = 3816F51324049ACE007479B4 /* ProtectionSpace.swift */; };
		38F023672408297F00B6C8E3 /* Configurable.swift in Sources */ = {isa = PBXBuildFile; fileRef = 3816F51E24055866007479B4 /* Configurable.swift */; };
		38F023682408297F00B6C8E3 /* Protectable.swift in Sources */ = {isa = PBXBuildFile; fileRef = 3816F524240570E5007479B4 /* Protectable.swift */; };
		38F023692408297F00B6C8E3 /* AnyDestination.swift in Sources */ = {isa = PBXBuildFile; fileRef = 3816F5392406773A007479B4 /* AnyDestination.swift */; };
		38F0236A2408297F00B6C8E3 /* SheetModifier.swift in Sources */ = {isa = PBXBuildFile; fileRef = 38F0233E2407FA5300B6C8E3 /* SheetModifier.swift */; };
		38F0236B2408297F00B6C8E3 /* NavigationContainer.swift in Sources */ = {isa = PBXBuildFile; fileRef = 38583CBD24047FFD0038FC4C /* NavigationContainer.swift */; };
		38F0236C2408297F00B6C8E3 /* Route.swift in Sources */ = {isa = PBXBuildFile; fileRef = 3816F53B24069342007479B4 /* Route.swift */; };
		38F0236D2408297F00B6C8E3 /* Link.swift in Sources */ = {isa = PBXBuildFile; fileRef = 3816F53F24069D69007479B4 /* Link.swift */; };
		38F0236E2408297F00B6C8E3 /* Dismiss.swift in Sources */ = {isa = PBXBuildFile; fileRef = 38F023402408125100B6C8E3 /* Dismiss.swift */; };
		38F0236F2408297F00B6C8E3 /* Pop.swift in Sources */ = {isa = PBXBuildFile; fileRef = 38F023422408132700B6C8E3 /* Pop.swift */; };
		38F023702408297F00B6C8E3 /* ViewControllerWrapper.swift in Sources */ = {isa = PBXBuildFile; fileRef = 3816F5412406BA91007479B4 /* ViewControllerWrapper.swift */; };
		38F023712408297F00B6C8E3 /* ViewWrapper.swift in Sources */ = {isa = PBXBuildFile; fileRef = 3816F5452406C30C007479B4 /* ViewWrapper.swift */; };
		38F023722408297F00B6C8E3 /* Navigation.swift in Sources */ = {isa = PBXBuildFile; fileRef = 38583CC0240480810038FC4C /* Navigation.swift */; };
		38F0237A24082AC200B6C8E3 /* AppDelegate.swift in Sources */ = {isa = PBXBuildFile; fileRef = 38F0237924082AC200B6C8E3 /* AppDelegate.swift */; };
		38F0237E24082AC400B6C8E3 /* Assets.xcassets in Resources */ = {isa = PBXBuildFile; fileRef = 38F0237D24082AC400B6C8E3 /* Assets.xcassets */; };
		38F0238124082AC400B6C8E3 /* Preview Assets.xcassets in Resources */ = {isa = PBXBuildFile; fileRef = 38F0238024082AC400B6C8E3 /* Preview Assets.xcassets */; };
		38F0238424082AC400B6C8E3 /* LaunchScreen.storyboard in Resources */ = {isa = PBXBuildFile; fileRef = 38F0238224082AC400B6C8E3 /* LaunchScreen.storyboard */; };
		38F0238924082B2D00B6C8E3 /* CoreNavigation.framework in Frameworks */ = {isa = PBXBuildFile; fileRef = 38F023492408294000B6C8E3 /* CoreNavigation.framework */; };
		38F0238A24082B2D00B6C8E3 /* CoreNavigation.framework in Embed Frameworks */ = {isa = PBXBuildFile; fileRef = 38F023492408294000B6C8E3 /* CoreNavigation.framework */; settings = {ATTRIBUTES = (CodeSignOnCopy, RemoveHeadersOnCopy, ); }; };
		38F0238E24082B6300B6C8E3 /* ContentView.swift in Sources */ = {isa = PBXBuildFile; fileRef = 38583CCC240481530038FC4C /* ContentView.swift */; };
		38F0238F24082B6300B6C8E3 /* OrangeViewController.swift in Sources */ = {isa = PBXBuildFile; fileRef = 3816F5432406BF0C007479B4 /* OrangeViewController.swift */; };
		38F0239024082B6300B6C8E3 /* BlueView.swift in Sources */ = {isa = PBXBuildFile; fileRef = 3816F5472406C3C5007479B4 /* BlueView.swift */; };
		38F0239124082B6300B6C8E3 /* ColorView.swift in Sources */ = {isa = PBXBuildFile; fileRef = 3816F54B2406CE9B007479B4 /* ColorView.swift */; };
		38F0239224082B6300B6C8E3 /* DestinationColor.swift in Sources */ = {isa = PBXBuildFile; fileRef = 3816F5492406CE94007479B4 /* DestinationColor.swift */; };
		38F0239324082B6300B6C8E3 /* HomeView.swift in Sources */ = {isa = PBXBuildFile; fileRef = 3816F54D2406CF4C007479B4 /* HomeView.swift */; };
/* End PBXBuildFile section */

/* Begin PBXContainerItemProxy section */
		38583CDD2404815A0038FC4C /* PBXContainerItemProxy */ = {
			isa = PBXContainerItemProxy;
			containerPortal = 38583CA824047FC80038FC4C /* Project object */;
			proxyType = 1;
			remoteGlobalIDString = 38583CB024047FC80038FC4C;
			remoteInfo = CoreNavigation;
		};
		38F0238B24082B2D00B6C8E3 /* PBXContainerItemProxy */ = {
			isa = PBXContainerItemProxy;
			containerPortal = 38583CA824047FC80038FC4C /* Project object */;
			proxyType = 1;
			remoteGlobalIDString = 38F023482408294000B6C8E3;
			remoteInfo = "tvOS CoreNavigation";
		};
/* End PBXContainerItemProxy section */

/* Begin PBXCopyFilesBuildPhase section */
		38583CDF2404815A0038FC4C /* Embed Frameworks */ = {
			isa = PBXCopyFilesBuildPhase;
			buildActionMask = 2147483647;
			dstPath = "";
			dstSubfolderSpec = 10;
			files = (
				38583CDC2404815A0038FC4C /* CoreNavigation.framework in Embed Frameworks */,
			);
			name = "Embed Frameworks";
			runOnlyForDeploymentPostprocessing = 0;
		};
		38F0238D24082B2D00B6C8E3 /* Embed Frameworks */ = {
			isa = PBXCopyFilesBuildPhase;
			buildActionMask = 2147483647;
			dstPath = "";
			dstSubfolderSpec = 10;
			files = (
				38F0238A24082B2D00B6C8E3 /* CoreNavigation.framework in Embed Frameworks */,
			);
			name = "Embed Frameworks";
			runOnlyForDeploymentPostprocessing = 0;
		};
/* End PBXCopyFilesBuildPhase section */

/* Begin PBXFileReference section */
		3816F50F240496D2007479B4 /* ProtectedRequest.swift */ = {isa = PBXFileReference; lastKnownFileType = sourcecode.swift; path = ProtectedRequest.swift; sourceTree = "<group>"; };
		3816F511240499E9007479B4 /* Request+Protect.swift */ = {isa = PBXFileReference; lastKnownFileType = sourcecode.swift; path = "Request+Protect.swift"; sourceTree = "<group>"; };
		3816F51324049ACE007479B4 /* ProtectionSpace.swift */ = {isa = PBXFileReference; lastKnownFileType = sourcecode.swift; path = ProtectionSpace.swift; sourceTree = "<group>"; };
		3816F517240548F4007479B4 /* Request+Transition.swift */ = {isa = PBXFileReference; lastKnownFileType = sourcecode.swift; path = "Request+Transition.swift"; sourceTree = "<group>"; };
		3816F5192405491B007479B4 /* TransitionRequest.swift */ = {isa = PBXFileReference; lastKnownFileType = sourcecode.swift; path = TransitionRequest.swift; sourceTree = "<group>"; };
		3816F51C24055095007479B4 /* Configuration.swift */ = {isa = PBXFileReference; lastKnownFileType = sourcecode.swift; path = Configuration.swift; sourceTree = "<group>"; };
		3816F51E24055866007479B4 /* Configurable.swift */ = {isa = PBXFileReference; lastKnownFileType = sourcecode.swift; path = Configurable.swift; sourceTree = "<group>"; };
		3816F52024055C76007479B4 /* AnimatedRequest.swift */ = {isa = PBXFileReference; lastKnownFileType = sourcecode.swift; path = AnimatedRequest.swift; sourceTree = "<group>"; };
		3816F52224055CBA007479B4 /* Request+Animate.swift */ = {isa = PBXFileReference; lastKnownFileType = sourcecode.swift; path = "Request+Animate.swift"; sourceTree = "<group>"; };
		3816F524240570E5007479B4 /* Protectable.swift */ = {isa = PBXFileReference; lastKnownFileType = sourcecode.swift; path = Protectable.swift; sourceTree = "<group>"; };
		3816F52724057A91007479B4 /* Routing_RouteMatch.swift */ = {isa = PBXFileReference; fileEncoding = 4; lastKnownFileType = sourcecode.swift; path = Routing_RouteMatch.swift; sourceTree = "<group>"; };
		3816F52824057A91007479B4 /* Routing_Route.swift */ = {isa = PBXFileReference; fileEncoding = 4; lastKnownFileType = sourcecode.swift; path = Routing_Route.swift; sourceTree = "<group>"; };
		3816F52A24057A91007479B4 /* Routing_RegularExpression.swift */ = {isa = PBXFileReference; fileEncoding = 4; lastKnownFileType = sourcecode.swift; path = Routing_RegularExpression.swift; sourceTree = "<group>"; };
		3816F52B24057A91007479B4 /* Routing_Router.swift */ = {isa = PBXFileReference; fileEncoding = 4; lastKnownFileType = sourcecode.swift; path = Routing_Router.swift; sourceTree = "<group>"; };
		3816F52C24057A91007479B4 /* Routing.swift */ = {isa = PBXFileReference; fileEncoding = 4; lastKnownFileType = sourcecode.swift; path = Routing.swift; sourceTree = "<group>"; };
		3816F53324057B24007479B4 /* Matchable.swift */ = {isa = PBXFileReference; fileEncoding = 4; lastKnownFileType = sourcecode.swift; path = Matchable.swift; sourceTree = "<group>"; };
		3816F53524057BD4007479B4 /* Routable.swift */ = {isa = PBXFileReference; fileEncoding = 4; lastKnownFileType = sourcecode.swift; path = Routable.swift; sourceTree = "<group>"; };
		3816F5372405D21B007479B4 /* Matchable+Types.swift */ = {isa = PBXFileReference; fileEncoding = 4; lastKnownFileType = sourcecode.swift; path = "Matchable+Types.swift"; sourceTree = "<group>"; };
		3816F5392406773A007479B4 /* AnyDestination.swift */ = {isa = PBXFileReference; lastKnownFileType = sourcecode.swift; path = AnyDestination.swift; sourceTree = "<group>"; };
		3816F53B24069342007479B4 /* Route.swift */ = {isa = PBXFileReference; lastKnownFileType = sourcecode.swift; path = Route.swift; sourceTree = "<group>"; };
		3816F53F24069D69007479B4 /* Link.swift */ = {isa = PBXFileReference; lastKnownFileType = sourcecode.swift; path = Link.swift; sourceTree = "<group>"; };
		3816F5412406BA91007479B4 /* ViewControllerWrapper.swift */ = {isa = PBXFileReference; lastKnownFileType = sourcecode.swift; path = ViewControllerWrapper.swift; sourceTree = "<group>"; };
		3816F5432406BF0C007479B4 /* OrangeViewController.swift */ = {isa = PBXFileReference; lastKnownFileType = sourcecode.swift; path = OrangeViewController.swift; sourceTree = "<group>"; };
		3816F5452406C30C007479B4 /* ViewWrapper.swift */ = {isa = PBXFileReference; lastKnownFileType = sourcecode.swift; path = ViewWrapper.swift; sourceTree = "<group>"; };
		3816F5472406C3C5007479B4 /* BlueView.swift */ = {isa = PBXFileReference; lastKnownFileType = sourcecode.swift; path = BlueView.swift; sourceTree = "<group>"; };
		3816F5492406CE94007479B4 /* DestinationColor.swift */ = {isa = PBXFileReference; lastKnownFileType = sourcecode.swift; path = DestinationColor.swift; sourceTree = "<group>"; };
		3816F54B2406CE9B007479B4 /* ColorView.swift */ = {isa = PBXFileReference; lastKnownFileType = sourcecode.swift; path = ColorView.swift; sourceTree = "<group>"; };
		3816F54D2406CF4C007479B4 /* HomeView.swift */ = {isa = PBXFileReference; lastKnownFileType = sourcecode.swift; path = HomeView.swift; sourceTree = "<group>"; };
		383AFB7A24114FA2004633BC /* Destination+View.swift */ = {isa = PBXFileReference; lastKnownFileType = sourcecode.swift; path = "Destination+View.swift"; sourceTree = "<group>"; };
		38583CB124047FC80038FC4C /* CoreNavigation.framework */ = {isa = PBXFileReference; explicitFileType = wrapper.framework; includeInIndex = 0; path = CoreNavigation.framework; sourceTree = BUILT_PRODUCTS_DIR; };
		38583CB424047FC80038FC4C /* CoreNavigation.h */ = {isa = PBXFileReference; lastKnownFileType = sourcecode.c.h; path = CoreNavigation.h; sourceTree = "<group>"; };
		38583CB524047FC80038FC4C /* Info.plist */ = {isa = PBXFileReference; lastKnownFileType = text.plist.xml; path = Info.plist; sourceTree = "<group>"; };
		38583CBD24047FFD0038FC4C /* NavigationContainer.swift */ = {isa = PBXFileReference; lastKnownFileType = sourcecode.swift; path = NavigationContainer.swift; sourceTree = "<group>"; };
		38583CC0240480810038FC4C /* Navigation.swift */ = {isa = PBXFileReference; lastKnownFileType = sourcecode.swift; path = Navigation.swift; sourceTree = "<group>"; };
		38583CC6240481530038FC4C /* HostApp.app */ = {isa = PBXFileReference; explicitFileType = wrapper.application; includeInIndex = 0; path = HostApp.app; sourceTree = BUILT_PRODUCTS_DIR; };
		38583CC8240481530038FC4C /* AppDelegate.swift */ = {isa = PBXFileReference; lastKnownFileType = sourcecode.swift; path = AppDelegate.swift; sourceTree = "<group>"; };
		38583CCA240481530038FC4C /* SceneDelegate.swift */ = {isa = PBXFileReference; lastKnownFileType = sourcecode.swift; path = SceneDelegate.swift; sourceTree = "<group>"; };
		38583CCC240481530038FC4C /* ContentView.swift */ = {isa = PBXFileReference; lastKnownFileType = sourcecode.swift; path = ContentView.swift; sourceTree = "<group>"; };
		38583CCE240481540038FC4C /* Assets.xcassets */ = {isa = PBXFileReference; lastKnownFileType = folder.assetcatalog; path = Assets.xcassets; sourceTree = "<group>"; };
		38583CD1240481540038FC4C /* Preview Assets.xcassets */ = {isa = PBXFileReference; lastKnownFileType = folder.assetcatalog; path = "Preview Assets.xcassets"; sourceTree = "<group>"; };
		38583CD4240481540038FC4C /* Base */ = {isa = PBXFileReference; lastKnownFileType = file.storyboard; name = Base; path = Base.lproj/LaunchScreen.storyboard; sourceTree = "<group>"; };
		38583CD6240481540038FC4C /* Info.plist */ = {isa = PBXFileReference; lastKnownFileType = text.plist.xml; path = Info.plist; sourceTree = "<group>"; };
		38583CE22404830A0038FC4C /* Destination.swift */ = {isa = PBXFileReference; lastKnownFileType = sourcecode.swift; path = Destination.swift; sourceTree = "<group>"; };
		38583CE5240483780038FC4C /* ViewDestination.swift */ = {isa = PBXFileReference; lastKnownFileType = sourcecode.swift; path = ViewDestination.swift; sourceTree = "<group>"; };
		38583CE72404852E0038FC4C /* DestinationRequest.swift */ = {isa = PBXFileReference; lastKnownFileType = sourcecode.swift; path = DestinationRequest.swift; sourceTree = "<group>"; };
		38583CED2404888C0038FC4C /* Request.swift */ = {isa = PBXFileReference; lastKnownFileType = sourcecode.swift; path = Request.swift; sourceTree = "<group>"; };
		38583CF1240488EE0038FC4C /* RouteRequest.swift */ = {isa = PBXFileReference; lastKnownFileType = sourcecode.swift; path = RouteRequest.swift; sourceTree = "<group>"; };
		38583D0124048B860038FC4C /* Resolver.swift */ = {isa = PBXFileReference; lastKnownFileType = sourcecode.swift; path = Resolver.swift; sourceTree = "<group>"; };
		38F0233C240722A400B6C8E3 /* HostApp.entitlements */ = {isa = PBXFileReference; lastKnownFileType = text.plist.entitlements; path = HostApp.entitlements; sourceTree = "<group>"; };
		38F0233E2407FA5300B6C8E3 /* SheetModifier.swift */ = {isa = PBXFileReference; lastKnownFileType = sourcecode.swift; path = SheetModifier.swift; sourceTree = "<group>"; };
		38F023402408125100B6C8E3 /* Dismiss.swift */ = {isa = PBXFileReference; lastKnownFileType = sourcecode.swift; path = Dismiss.swift; sourceTree = "<group>"; };
		38F023422408132700B6C8E3 /* Pop.swift */ = {isa = PBXFileReference; lastKnownFileType = sourcecode.swift; path = Pop.swift; sourceTree = "<group>"; };
		38F023492408294000B6C8E3 /* CoreNavigation.framework */ = {isa = PBXFileReference; explicitFileType = wrapper.framework; includeInIndex = 0; path = CoreNavigation.framework; sourceTree = BUILT_PRODUCTS_DIR; };
		38F0237724082AC200B6C8E3 /* TVApp.app */ = {isa = PBXFileReference; explicitFileType = wrapper.application; includeInIndex = 0; path = TVApp.app; sourceTree = BUILT_PRODUCTS_DIR; };
		38F0237924082AC200B6C8E3 /* AppDelegate.swift */ = {isa = PBXFileReference; lastKnownFileType = sourcecode.swift; path = AppDelegate.swift; sourceTree = "<group>"; };
		38F0237D24082AC400B6C8E3 /* Assets.xcassets */ = {isa = PBXFileReference; lastKnownFileType = folder.assetcatalog; path = Assets.xcassets; sourceTree = "<group>"; };
		38F0238024082AC400B6C8E3 /* Preview Assets.xcassets */ = {isa = PBXFileReference; lastKnownFileType = folder.assetcatalog; path = "Preview Assets.xcassets"; sourceTree = "<group>"; };
		38F0238324082AC400B6C8E3 /* Base */ = {isa = PBXFileReference; lastKnownFileType = file.storyboard; name = Base; path = Base.lproj/LaunchScreen.storyboard; sourceTree = "<group>"; };
		38F0238524082AC400B6C8E3 /* Info.plist */ = {isa = PBXFileReference; lastKnownFileType = text.plist.xml; path = Info.plist; sourceTree = "<group>"; };
		38F0239A24091DF400B6C8E3 /* Package.swift */ = {isa = PBXFileReference; fileEncoding = 4; lastKnownFileType = sourcecode.swift; path = Package.swift; sourceTree = "<group>"; };
/* End PBXFileReference section */

/* Begin PBXFrameworksBuildPhase section */
		38583CAE24047FC80038FC4C /* Frameworks */ = {
			isa = PBXFrameworksBuildPhase;
			buildActionMask = 2147483647;
			files = (
			);
			runOnlyForDeploymentPostprocessing = 0;
		};
		38583CC3240481530038FC4C /* Frameworks */ = {
			isa = PBXFrameworksBuildPhase;
			buildActionMask = 2147483647;
			files = (
				38583CDB2404815A0038FC4C /* CoreNavigation.framework in Frameworks */,
			);
			runOnlyForDeploymentPostprocessing = 0;
		};
		38F023462408294000B6C8E3 /* Frameworks */ = {
			isa = PBXFrameworksBuildPhase;
			buildActionMask = 2147483647;
			files = (
			);
			runOnlyForDeploymentPostprocessing = 0;
		};
		38F0237424082AC200B6C8E3 /* Frameworks */ = {
			isa = PBXFrameworksBuildPhase;
			buildActionMask = 2147483647;
			files = (
				38F0238924082B2D00B6C8E3 /* CoreNavigation.framework in Frameworks */,
			);
			runOnlyForDeploymentPostprocessing = 0;
		};
/* End PBXFrameworksBuildPhase section */

/* Begin PBXGroup section */
		3816F51B2405508D007479B4 /* Configuration */ = {
			isa = PBXGroup;
			children = (
				3816F51C24055095007479B4 /* Configuration.swift */,
			);
			path = Configuration;
			sourceTree = "<group>";
		};
		3816F52624057A91007479B4 /* Routing */ = {
			isa = PBXGroup;
			children = (
				3816F52C24057A91007479B4 /* Routing.swift */,
				3816F52724057A91007479B4 /* Routing_RouteMatch.swift */,
				3816F52824057A91007479B4 /* Routing_Route.swift */,
				3816F52A24057A91007479B4 /* Routing_RegularExpression.swift */,
				3816F52B24057A91007479B4 /* Routing_Router.swift */,
			);
			path = Routing;
			sourceTree = "<group>";
		};
		38583CA724047FC80038FC4C = {
			isa = PBXGroup;
			children = (
				38F0239A24091DF400B6C8E3 /* Package.swift */,
				38583CB324047FC80038FC4C /* CoreNavigation */,
				38583CC7240481530038FC4C /* HostApp */,
				38F0237824082AC200B6C8E3 /* TVApp */,
				38583CB224047FC80038FC4C /* Products */,
				38583CDA2404815A0038FC4C /* Frameworks */,
			);
			sourceTree = "<group>";
		};
		38583CB224047FC80038FC4C /* Products */ = {
			isa = PBXGroup;
			children = (
				38583CB124047FC80038FC4C /* CoreNavigation.framework */,
				38583CC6240481530038FC4C /* HostApp.app */,
				38F023492408294000B6C8E3 /* CoreNavigation.framework */,
				38F0237724082AC200B6C8E3 /* TVApp.app */,
			);
			name = Products;
			sourceTree = "<group>";
		};
		38583CB324047FC80038FC4C /* CoreNavigation */ = {
			isa = PBXGroup;
			children = (
				38583CE0240483020038FC4C /* Core */,
				38583CBC24047FEB0038FC4C /* View */,
				38583CBF240480790038FC4C /* Environment */,
				38583CB424047FC80038FC4C /* CoreNavigation.h */,
				38583CB524047FC80038FC4C /* Info.plist */,
			);
			path = CoreNavigation;
			sourceTree = "<group>";
		};
		38583CBC24047FEB0038FC4C /* View */ = {
			isa = PBXGroup;
			children = (
				38F0233D2407FA4300B6C8E3 /* Modifier */,
				38583CBD24047FFD0038FC4C /* NavigationContainer.swift */,
				3816F53B24069342007479B4 /* Route.swift */,
				3816F53F24069D69007479B4 /* Link.swift */,
				38F023402408125100B6C8E3 /* Dismiss.swift */,
				38F023422408132700B6C8E3 /* Pop.swift */,
				3816F5412406BA91007479B4 /* ViewControllerWrapper.swift */,
				3816F5452406C30C007479B4 /* ViewWrapper.swift */,
			);
			path = View;
			sourceTree = "<group>";
		};
		38583CBF240480790038FC4C /* Environment */ = {
			isa = PBXGroup;
			children = (
				38583CC0240480810038FC4C /* Navigation.swift */,
			);
			path = Environment;
			sourceTree = "<group>";
		};
		38583CC7240481530038FC4C /* HostApp */ = {
			isa = PBXGroup;
			children = (
				38F0233C240722A400B6C8E3 /* HostApp.entitlements */,
				38583CC8240481530038FC4C /* AppDelegate.swift */,
				38583CCA240481530038FC4C /* SceneDelegate.swift */,
				38583CCC240481530038FC4C /* ContentView.swift */,
				38583CCE240481540038FC4C /* Assets.xcassets */,
				38583CD3240481540038FC4C /* LaunchScreen.storyboard */,
				38583CD0240481540038FC4C /* Preview Content */,
				3816F5432406BF0C007479B4 /* OrangeViewController.swift */,
				3816F5472406C3C5007479B4 /* BlueView.swift */,
				3816F54B2406CE9B007479B4 /* ColorView.swift */,
				38583CD6240481540038FC4C /* Info.plist */,
				3816F5492406CE94007479B4 /* DestinationColor.swift */,
				3816F54D2406CF4C007479B4 /* HomeView.swift */,
			);
			path = HostApp;
			sourceTree = "<group>";
		};
		38583CD0240481540038FC4C /* Preview Content */ = {
			isa = PBXGroup;
			children = (
				38583CD1240481540038FC4C /* Preview Assets.xcassets */,
			);
			path = "Preview Content";
			sourceTree = "<group>";
		};
		38583CDA2404815A0038FC4C /* Frameworks */ = {
			isa = PBXGroup;
			children = (
			);
			name = Frameworks;
			sourceTree = "<group>";
		};
		38583CE0240483020038FC4C /* Core */ = {
			isa = PBXGroup;
			children = (
				3816F52624057A91007479B4 /* Routing */,
				38583CF5240489980038FC4C /* Extension */,
				38583CE4240483700038FC4C /* Type */,
				38583CE1240483050038FC4C /* Protocol */,
			);
			path = Core;
			sourceTree = "<group>";
		};
		38583CE1240483050038FC4C /* Protocol */ = {
			isa = PBXGroup;
			children = (
				3816F53524057BD4007479B4 /* Routable.swift */,
				3816F53324057B24007479B4 /* Matchable.swift */,
				38583CE22404830A0038FC4C /* Destination.swift */,
				38583CED2404888C0038FC4C /* Request.swift */,
				3816F51324049ACE007479B4 /* ProtectionSpace.swift */,
				3816F51E24055866007479B4 /* Configurable.swift */,
				3816F524240570E5007479B4 /* Protectable.swift */,
				3816F5392406773A007479B4 /* AnyDestination.swift */,
			);
			path = Protocol;
			sourceTree = "<group>";
		};
		38583CE4240483700038FC4C /* Type */ = {
			isa = PBXGroup;
			children = (
				3816F51B2405508D007479B4 /* Configuration */,
				38583D0024048B7C0038FC4C /* Resolver */,
				38583CF0240488E40038FC4C /* Request */,
				38583CEF240488DE0038FC4C /* Destination */,
			);
			path = Type;
			sourceTree = "<group>";
		};
		38583CEF240488DE0038FC4C /* Destination */ = {
			isa = PBXGroup;
			children = (
				38583CE5240483780038FC4C /* ViewDestination.swift */,
			);
			path = Destination;
			sourceTree = "<group>";
		};
		38583CF0240488E40038FC4C /* Request */ = {
			isa = PBXGroup;
			children = (
				38583CE72404852E0038FC4C /* DestinationRequest.swift */,
				38583CF1240488EE0038FC4C /* RouteRequest.swift */,
				3816F50F240496D2007479B4 /* ProtectedRequest.swift */,
				3816F5192405491B007479B4 /* TransitionRequest.swift */,
				3816F52024055C76007479B4 /* AnimatedRequest.swift */,
			);
			path = Request;
			sourceTree = "<group>";
		};
		38583CF5240489980038FC4C /* Extension */ = {
			isa = PBXGroup;
			children = (
				3816F5372405D21B007479B4 /* Matchable+Types.swift */,
				3816F511240499E9007479B4 /* Request+Protect.swift */,
				3816F517240548F4007479B4 /* Request+Transition.swift */,
				3816F52224055CBA007479B4 /* Request+Animate.swift */,
				383AFB7A24114FA2004633BC /* Destination+View.swift */,
			);
			path = Extension;
			sourceTree = "<group>";
		};
		38583D0024048B7C0038FC4C /* Resolver */ = {
			isa = PBXGroup;
			children = (
				38583D0124048B860038FC4C /* Resolver.swift */,
			);
			path = Resolver;
			sourceTree = "<group>";
		};
		38F0233D2407FA4300B6C8E3 /* Modifier */ = {
			isa = PBXGroup;
			children = (
				38F0233E2407FA5300B6C8E3 /* SheetModifier.swift */,
			);
			path = Modifier;
			sourceTree = "<group>";
		};
		38F0237824082AC200B6C8E3 /* TVApp */ = {
			isa = PBXGroup;
			children = (
				38F0237924082AC200B6C8E3 /* AppDelegate.swift */,
				38F0237D24082AC400B6C8E3 /* Assets.xcassets */,
				38F0238224082AC400B6C8E3 /* LaunchScreen.storyboard */,
				38F0238524082AC400B6C8E3 /* Info.plist */,
				38F0237F24082AC400B6C8E3 /* Preview Content */,
			);
			path = TVApp;
			sourceTree = "<group>";
		};
		38F0237F24082AC400B6C8E3 /* Preview Content */ = {
			isa = PBXGroup;
			children = (
				38F0238024082AC400B6C8E3 /* Preview Assets.xcassets */,
			);
			path = "Preview Content";
			sourceTree = "<group>";
		};
/* End PBXGroup section */

/* Begin PBXHeadersBuildPhase section */
		38583CAC24047FC80038FC4C /* Headers */ = {
			isa = PBXHeadersBuildPhase;
			buildActionMask = 2147483647;
			files = (
				38583CB624047FC80038FC4C /* CoreNavigation.h in Headers */,
			);
			runOnlyForDeploymentPostprocessing = 0;
		};
		38F023442408294000B6C8E3 /* Headers */ = {
			isa = PBXHeadersBuildPhase;
			buildActionMask = 2147483647;
			files = (
			);
			runOnlyForDeploymentPostprocessing = 0;
		};
/* End PBXHeadersBuildPhase section */

/* Begin PBXNativeTarget section */
		38583CB024047FC80038FC4C /* iOS CoreNavigation */ = {
			isa = PBXNativeTarget;
			buildConfigurationList = 38583CB924047FC80038FC4C /* Build configuration list for PBXNativeTarget "iOS CoreNavigation" */;
			buildPhases = (
				38583CAC24047FC80038FC4C /* Headers */,
				38583CAD24047FC80038FC4C /* Sources */,
				38583CAE24047FC80038FC4C /* Frameworks */,
				38583CAF24047FC80038FC4C /* Resources */,
			);
			buildRules = (
			);
			dependencies = (
			);
			name = "iOS CoreNavigation";
			productName = CoreNavigation;
			productReference = 38583CB124047FC80038FC4C /* CoreNavigation.framework */;
			productType = "com.apple.product-type.framework";
		};
		38583CC5240481530038FC4C /* HostApp */ = {
			isa = PBXNativeTarget;
			buildConfigurationList = 38583CD7240481540038FC4C /* Build configuration list for PBXNativeTarget "HostApp" */;
			buildPhases = (
				38583CC2240481530038FC4C /* Sources */,
				38583CC3240481530038FC4C /* Frameworks */,
				38583CC4240481530038FC4C /* Resources */,
				38583CDF2404815A0038FC4C /* Embed Frameworks */,
			);
			buildRules = (
			);
			dependencies = (
				38583CDE2404815A0038FC4C /* PBXTargetDependency */,
			);
			name = HostApp;
			productName = HostApp;
			productReference = 38583CC6240481530038FC4C /* HostApp.app */;
			productType = "com.apple.product-type.application";
		};
		38F023482408294000B6C8E3 /* tvOS CoreNavigation */ = {
			isa = PBXNativeTarget;
			buildConfigurationList = 38F0234E2408294000B6C8E3 /* Build configuration list for PBXNativeTarget "tvOS CoreNavigation" */;
			buildPhases = (
				38F023442408294000B6C8E3 /* Headers */,
				38F023452408294000B6C8E3 /* Sources */,
				38F023462408294000B6C8E3 /* Frameworks */,
				38F023472408294000B6C8E3 /* Resources */,
			);
			buildRules = (
			);
			dependencies = (
			);
			name = "tvOS CoreNavigation";
			productName = "tvOS CoreNavigation";
			productReference = 38F023492408294000B6C8E3 /* CoreNavigation.framework */;
			productType = "com.apple.product-type.framework";
		};
		38F0237624082AC200B6C8E3 /* TVApp */ = {
			isa = PBXNativeTarget;
			buildConfigurationList = 38F0238624082AC400B6C8E3 /* Build configuration list for PBXNativeTarget "TVApp" */;
			buildPhases = (
				38F0237324082AC200B6C8E3 /* Sources */,
				38F0237424082AC200B6C8E3 /* Frameworks */,
				38F0237524082AC200B6C8E3 /* Resources */,
				38F0238D24082B2D00B6C8E3 /* Embed Frameworks */,
			);
			buildRules = (
			);
			dependencies = (
				38F0238C24082B2D00B6C8E3 /* PBXTargetDependency */,
			);
			name = TVApp;
			productName = TVApp;
			productReference = 38F0237724082AC200B6C8E3 /* TVApp.app */;
			productType = "com.apple.product-type.application";
		};
/* End PBXNativeTarget section */

/* Begin PBXProject section */
		38583CA824047FC80038FC4C /* Project object */ = {
			isa = PBXProject;
			attributes = {
				LastSwiftUpdateCheck = 1130;
				LastUpgradeCheck = 1130;
				ORGANIZATIONNAME = "Lotus Lambda";
				TargetAttributes = {
					38583CB024047FC80038FC4C = {
						CreatedOnToolsVersion = 11.3.1;
						LastSwiftMigration = 1130;
					};
					38583CC5240481530038FC4C = {
						CreatedOnToolsVersion = 11.3.1;
					};
					38F023482408294000B6C8E3 = {
						CreatedOnToolsVersion = 11.3.1;
					};
					38F0237624082AC200B6C8E3 = {
						CreatedOnToolsVersion = 11.3.1;
					};
				};
			};
			buildConfigurationList = 38583CAB24047FC80038FC4C /* Build configuration list for PBXProject "CoreNavigation" */;
			compatibilityVersion = "Xcode 9.3";
			developmentRegion = en;
			hasScannedForEncodings = 0;
			knownRegions = (
				en,
				Base,
			);
			mainGroup = 38583CA724047FC80038FC4C;
			productRefGroup = 38583CB224047FC80038FC4C /* Products */;
			projectDirPath = "";
			projectRoot = "";
			targets = (
				38583CB024047FC80038FC4C /* iOS CoreNavigation */,
				38583CC5240481530038FC4C /* HostApp */,
				38F023482408294000B6C8E3 /* tvOS CoreNavigation */,
				38F0237624082AC200B6C8E3 /* TVApp */,
			);
		};
/* End PBXProject section */

/* Begin PBXResourcesBuildPhase section */
		38583CAF24047FC80038FC4C /* Resources */ = {
			isa = PBXResourcesBuildPhase;
			buildActionMask = 2147483647;
			files = (
			);
			runOnlyForDeploymentPostprocessing = 0;
		};
		38583CC4240481530038FC4C /* Resources */ = {
			isa = PBXResourcesBuildPhase;
			buildActionMask = 2147483647;
			files = (
				38583CD5240481540038FC4C /* LaunchScreen.storyboard in Resources */,
				38583CD2240481540038FC4C /* Preview Assets.xcassets in Resources */,
				38583CCF240481540038FC4C /* Assets.xcassets in Resources */,
			);
			runOnlyForDeploymentPostprocessing = 0;
		};
		38F023472408294000B6C8E3 /* Resources */ = {
			isa = PBXResourcesBuildPhase;
			buildActionMask = 2147483647;
			files = (
			);
			runOnlyForDeploymentPostprocessing = 0;
		};
		38F0237524082AC200B6C8E3 /* Resources */ = {
			isa = PBXResourcesBuildPhase;
			buildActionMask = 2147483647;
			files = (
				38F0238424082AC400B6C8E3 /* LaunchScreen.storyboard in Resources */,
				38F0238124082AC400B6C8E3 /* Preview Assets.xcassets in Resources */,
				38F0237E24082AC400B6C8E3 /* Assets.xcassets in Resources */,
			);
			runOnlyForDeploymentPostprocessing = 0;
		};
/* End PBXResourcesBuildPhase section */

/* Begin PBXSourcesBuildPhase section */
		38583CAD24047FC80038FC4C /* Sources */ = {
			isa = PBXSourcesBuildPhase;
			buildActionMask = 2147483647;
			files = (
				3816F5422406BA91007479B4 /* ViewControllerWrapper.swift in Sources */,
				3816F5382405D21B007479B4 /* Matchable+Types.swift in Sources */,
				38583CBE24047FFD0038FC4C /* NavigationContainer.swift in Sources */,
				3816F5462406C30C007479B4 /* ViewWrapper.swift in Sources */,
				38583CF2240488EE0038FC4C /* RouteRequest.swift in Sources */,
				38F023432408132700B6C8E3 /* Pop.swift in Sources */,
				3816F54024069D69007479B4 /* Link.swift in Sources */,
				38583D0224048B860038FC4C /* Resolver.swift in Sources */,
				3816F53124057A91007479B4 /* Routing_Router.swift in Sources */,
				3816F53C24069342007479B4 /* Route.swift in Sources */,
				3816F52E24057A91007479B4 /* Routing_Route.swift in Sources */,
				3816F53024057A91007479B4 /* Routing_RegularExpression.swift in Sources */,
				383AFB7B24114FA2004633BC /* Destination+View.swift in Sources */,
				3816F518240548F4007479B4 /* Request+Transition.swift in Sources */,
				3816F51F24055866007479B4 /* Configurable.swift in Sources */,
				3816F53A2406773A007479B4 /* AnyDestination.swift in Sources */,
				3816F52124055C76007479B4 /* AnimatedRequest.swift in Sources */,
				3816F53424057B24007479B4 /* Matchable.swift in Sources */,
				38583CE6240483780038FC4C /* ViewDestination.swift in Sources */,
				3816F525240570E5007479B4 /* Protectable.swift in Sources */,
				38583CE82404852E0038FC4C /* DestinationRequest.swift in Sources */,
				38583CC1240480810038FC4C /* Navigation.swift in Sources */,
				3816F52D24057A91007479B4 /* Routing_RouteMatch.swift in Sources */,
				3816F53624057BD4007479B4 /* Routable.swift in Sources */,
				38F0233F2407FA5300B6C8E3 /* SheetModifier.swift in Sources */,
				3816F512240499E9007479B4 /* Request+Protect.swift in Sources */,
				38F023412408125100B6C8E3 /* Dismiss.swift in Sources */,
				3816F51D24055095007479B4 /* Configuration.swift in Sources */,
				3816F51424049ACE007479B4 /* ProtectionSpace.swift in Sources */,
				3816F510240496D2007479B4 /* ProtectedRequest.swift in Sources */,
				3816F52324055CBA007479B4 /* Request+Animate.swift in Sources */,
				3816F51A2405491B007479B4 /* TransitionRequest.swift in Sources */,
				3816F53224057A91007479B4 /* Routing.swift in Sources */,
				38583CEE2404888C0038FC4C /* Request.swift in Sources */,
				38583CE32404830A0038FC4C /* Destination.swift in Sources */,
			);
			runOnlyForDeploymentPostprocessing = 0;
		};
		38583CC2240481530038FC4C /* Sources */ = {
			isa = PBXSourcesBuildPhase;
			buildActionMask = 2147483647;
			files = (
				3816F54A2406CE94007479B4 /* DestinationColor.swift in Sources */,
				38583CC9240481530038FC4C /* AppDelegate.swift in Sources */,
				3816F54C2406CE9B007479B4 /* ColorView.swift in Sources */,
				38583CCB240481530038FC4C /* SceneDelegate.swift in Sources */,
				3816F5482406C3C5007479B4 /* BlueView.swift in Sources */,
				3816F54E2406CF4C007479B4 /* HomeView.swift in Sources */,
				38583CCD240481530038FC4C /* ContentView.swift in Sources */,
				3816F5442406BF0C007479B4 /* OrangeViewController.swift in Sources */,
			);
			runOnlyForDeploymentPostprocessing = 0;
		};
		38F023452408294000B6C8E3 /* Sources */ = {
			isa = PBXSourcesBuildPhase;
			buildActionMask = 2147483647;
			files = (
				38F023532408297F00B6C8E3 /* Routing_Route.swift in Sources */,
				38F023562408297F00B6C8E3 /* Matchable+Types.swift in Sources */,
				38F0236A2408297F00B6C8E3 /* SheetModifier.swift in Sources */,
				38F0236D2408297F00B6C8E3 /* Link.swift in Sources */,
				38F023712408297F00B6C8E3 /* ViewWrapper.swift in Sources */,
				38F023642408297F00B6C8E3 /* Destination.swift in Sources */,
				38F023662408297F00B6C8E3 /* ProtectionSpace.swift in Sources */,
				38F0236C2408297F00B6C8E3 /* Route.swift in Sources */,
				38F023692408297F00B6C8E3 /* AnyDestination.swift in Sources */,
				38F0235D2408297F00B6C8E3 /* RouteRequest.swift in Sources */,
				38F023652408297F00B6C8E3 /* Request.swift in Sources */,
				38F023592408297F00B6C8E3 /* Request+Animate.swift in Sources */,
				38F0235B2408297F00B6C8E3 /* Resolver.swift in Sources */,
				38F023582408297F00B6C8E3 /* Request+Transition.swift in Sources */,
				38F023682408297F00B6C8E3 /* Protectable.swift in Sources */,
				38F023522408297F00B6C8E3 /* Routing_RouteMatch.swift in Sources */,
				38F023622408297F00B6C8E3 /* Routable.swift in Sources */,
				38F023632408297F00B6C8E3 /* Matchable.swift in Sources */,
				38F023552408297F00B6C8E3 /* Routing_Router.swift in Sources */,
				38F0236E2408297F00B6C8E3 /* Dismiss.swift in Sources */,
				38F023612408297F00B6C8E3 /* ViewDestination.swift in Sources */,
				38F0235E2408297F00B6C8E3 /* ProtectedRequest.swift in Sources */,
				38F0236F2408297F00B6C8E3 /* Pop.swift in Sources */,
				38F023702408297F00B6C8E3 /* ViewControllerWrapper.swift in Sources */,
				38F0235A2408297F00B6C8E3 /* Configuration.swift in Sources */,
				38F023722408297F00B6C8E3 /* Navigation.swift in Sources */,
				38F0235F2408297F00B6C8E3 /* TransitionRequest.swift in Sources */,
				38F023572408297F00B6C8E3 /* Request+Protect.swift in Sources */,
				38F023602408297F00B6C8E3 /* AnimatedRequest.swift in Sources */,
				38F023512408297F00B6C8E3 /* Routing.swift in Sources */,
				38F0235C2408297F00B6C8E3 /* DestinationRequest.swift in Sources */,
				38F0236B2408297F00B6C8E3 /* NavigationContainer.swift in Sources */,
				38F023672408297F00B6C8E3 /* Configurable.swift in Sources */,
				38F023542408297F00B6C8E3 /* Routing_RegularExpression.swift in Sources */,
			);
			runOnlyForDeploymentPostprocessing = 0;
		};
		38F0237324082AC200B6C8E3 /* Sources */ = {
			isa = PBXSourcesBuildPhase;
			buildActionMask = 2147483647;
			files = (
				38F0239124082B6300B6C8E3 /* ColorView.swift in Sources */,
				38F0238F24082B6300B6C8E3 /* OrangeViewController.swift in Sources */,
				38F0239224082B6300B6C8E3 /* DestinationColor.swift in Sources */,
				38F0237A24082AC200B6C8E3 /* AppDelegate.swift in Sources */,
				38F0239324082B6300B6C8E3 /* HomeView.swift in Sources */,
				38F0238E24082B6300B6C8E3 /* ContentView.swift in Sources */,
				38F0239024082B6300B6C8E3 /* BlueView.swift in Sources */,
			);
			runOnlyForDeploymentPostprocessing = 0;
		};
/* End PBXSourcesBuildPhase section */

/* Begin PBXTargetDependency section */
		38583CDE2404815A0038FC4C /* PBXTargetDependency */ = {
			isa = PBXTargetDependency;
			target = 38583CB024047FC80038FC4C /* iOS CoreNavigation */;
			targetProxy = 38583CDD2404815A0038FC4C /* PBXContainerItemProxy */;
		};
		38F0238C24082B2D00B6C8E3 /* PBXTargetDependency */ = {
			isa = PBXTargetDependency;
			target = 38F023482408294000B6C8E3 /* tvOS CoreNavigation */;
			targetProxy = 38F0238B24082B2D00B6C8E3 /* PBXContainerItemProxy */;
		};
/* End PBXTargetDependency section */

/* Begin PBXVariantGroup section */
		38583CD3240481540038FC4C /* LaunchScreen.storyboard */ = {
			isa = PBXVariantGroup;
			children = (
				38583CD4240481540038FC4C /* Base */,
			);
			name = LaunchScreen.storyboard;
			sourceTree = "<group>";
		};
		38F0238224082AC400B6C8E3 /* LaunchScreen.storyboard */ = {
			isa = PBXVariantGroup;
			children = (
				38F0238324082AC400B6C8E3 /* Base */,
			);
			name = LaunchScreen.storyboard;
			sourceTree = "<group>";
		};
/* End PBXVariantGroup section */

/* Begin XCBuildConfiguration section */
		38583CB724047FC80038FC4C /* Debug */ = {
			isa = XCBuildConfiguration;
			buildSettings = {
				ALWAYS_SEARCH_USER_PATHS = NO;
				CLANG_ANALYZER_NONNULL = YES;
				CLANG_ANALYZER_NUMBER_OBJECT_CONVERSION = YES_AGGRESSIVE;
				CLANG_CXX_LANGUAGE_STANDARD = "gnu++14";
				CLANG_CXX_LIBRARY = "libc++";
				CLANG_ENABLE_MODULES = YES;
				CLANG_ENABLE_OBJC_ARC = YES;
				CLANG_ENABLE_OBJC_WEAK = YES;
				CLANG_WARN_BLOCK_CAPTURE_AUTORELEASING = YES;
				CLANG_WARN_BOOL_CONVERSION = YES;
				CLANG_WARN_COMMA = YES;
				CLANG_WARN_CONSTANT_CONVERSION = YES;
				CLANG_WARN_DEPRECATED_OBJC_IMPLEMENTATIONS = YES;
				CLANG_WARN_DIRECT_OBJC_ISA_USAGE = YES_ERROR;
				CLANG_WARN_DOCUMENTATION_COMMENTS = YES;
				CLANG_WARN_EMPTY_BODY = YES;
				CLANG_WARN_ENUM_CONVERSION = YES;
				CLANG_WARN_INFINITE_RECURSION = YES;
				CLANG_WARN_INT_CONVERSION = YES;
				CLANG_WARN_NON_LITERAL_NULL_CONVERSION = YES;
				CLANG_WARN_OBJC_IMPLICIT_RETAIN_SELF = YES;
				CLANG_WARN_OBJC_LITERAL_CONVERSION = YES;
				CLANG_WARN_OBJC_ROOT_CLASS = YES_ERROR;
				CLANG_WARN_RANGE_LOOP_ANALYSIS = YES;
				CLANG_WARN_STRICT_PROTOTYPES = YES;
				CLANG_WARN_SUSPICIOUS_MOVE = YES;
				CLANG_WARN_UNGUARDED_AVAILABILITY = YES_AGGRESSIVE;
				CLANG_WARN_UNREACHABLE_CODE = YES;
				CLANG_WARN__DUPLICATE_METHOD_MATCH = YES;
				COPY_PHASE_STRIP = NO;
				CURRENT_PROJECT_VERSION = 1;
				DEBUG_INFORMATION_FORMAT = dwarf;
				ENABLE_STRICT_OBJC_MSGSEND = YES;
				ENABLE_TESTABILITY = YES;
				GCC_C_LANGUAGE_STANDARD = gnu11;
				GCC_DYNAMIC_NO_PIC = NO;
				GCC_NO_COMMON_BLOCKS = YES;
				GCC_OPTIMIZATION_LEVEL = 0;
				GCC_PREPROCESSOR_DEFINITIONS = (
					"DEBUG=1",
					"$(inherited)",
				);
				GCC_WARN_64_TO_32_BIT_CONVERSION = YES;
				GCC_WARN_ABOUT_RETURN_TYPE = YES_ERROR;
				GCC_WARN_UNDECLARED_SELECTOR = YES;
				GCC_WARN_UNINITIALIZED_AUTOS = YES_AGGRESSIVE;
				GCC_WARN_UNUSED_FUNCTION = YES;
				GCC_WARN_UNUSED_VARIABLE = YES;
				IPHONEOS_DEPLOYMENT_TARGET = 13.2;
				MTL_ENABLE_DEBUG_INFO = INCLUDE_SOURCE;
				MTL_FAST_MATH = YES;
				ONLY_ACTIVE_ARCH = YES;
				SDKROOT = iphoneos;
				SWIFT_ACTIVE_COMPILATION_CONDITIONS = DEBUG;
				SWIFT_OPTIMIZATION_LEVEL = "-Onone";
				VERSIONING_SYSTEM = "apple-generic";
				VERSION_INFO_PREFIX = "";
			};
			name = Debug;
		};
		38583CB824047FC80038FC4C /* Release */ = {
			isa = XCBuildConfiguration;
			buildSettings = {
				ALWAYS_SEARCH_USER_PATHS = NO;
				CLANG_ANALYZER_NONNULL = YES;
				CLANG_ANALYZER_NUMBER_OBJECT_CONVERSION = YES_AGGRESSIVE;
				CLANG_CXX_LANGUAGE_STANDARD = "gnu++14";
				CLANG_CXX_LIBRARY = "libc++";
				CLANG_ENABLE_MODULES = YES;
				CLANG_ENABLE_OBJC_ARC = YES;
				CLANG_ENABLE_OBJC_WEAK = YES;
				CLANG_WARN_BLOCK_CAPTURE_AUTORELEASING = YES;
				CLANG_WARN_BOOL_CONVERSION = YES;
				CLANG_WARN_COMMA = YES;
				CLANG_WARN_CONSTANT_CONVERSION = YES;
				CLANG_WARN_DEPRECATED_OBJC_IMPLEMENTATIONS = YES;
				CLANG_WARN_DIRECT_OBJC_ISA_USAGE = YES_ERROR;
				CLANG_WARN_DOCUMENTATION_COMMENTS = YES;
				CLANG_WARN_EMPTY_BODY = YES;
				CLANG_WARN_ENUM_CONVERSION = YES;
				CLANG_WARN_INFINITE_RECURSION = YES;
				CLANG_WARN_INT_CONVERSION = YES;
				CLANG_WARN_NON_LITERAL_NULL_CONVERSION = YES;
				CLANG_WARN_OBJC_IMPLICIT_RETAIN_SELF = YES;
				CLANG_WARN_OBJC_LITERAL_CONVERSION = YES;
				CLANG_WARN_OBJC_ROOT_CLASS = YES_ERROR;
				CLANG_WARN_RANGE_LOOP_ANALYSIS = YES;
				CLANG_WARN_STRICT_PROTOTYPES = YES;
				CLANG_WARN_SUSPICIOUS_MOVE = YES;
				CLANG_WARN_UNGUARDED_AVAILABILITY = YES_AGGRESSIVE;
				CLANG_WARN_UNREACHABLE_CODE = YES;
				CLANG_WARN__DUPLICATE_METHOD_MATCH = YES;
				COPY_PHASE_STRIP = NO;
				CURRENT_PROJECT_VERSION = 1;
				DEBUG_INFORMATION_FORMAT = "dwarf-with-dsym";
				ENABLE_NS_ASSERTIONS = NO;
				ENABLE_STRICT_OBJC_MSGSEND = YES;
				GCC_C_LANGUAGE_STANDARD = gnu11;
				GCC_NO_COMMON_BLOCKS = YES;
				GCC_WARN_64_TO_32_BIT_CONVERSION = YES;
				GCC_WARN_ABOUT_RETURN_TYPE = YES_ERROR;
				GCC_WARN_UNDECLARED_SELECTOR = YES;
				GCC_WARN_UNINITIALIZED_AUTOS = YES_AGGRESSIVE;
				GCC_WARN_UNUSED_FUNCTION = YES;
				GCC_WARN_UNUSED_VARIABLE = YES;
				IPHONEOS_DEPLOYMENT_TARGET = 13.2;
				MTL_ENABLE_DEBUG_INFO = NO;
				MTL_FAST_MATH = YES;
				SDKROOT = iphoneos;
				SWIFT_COMPILATION_MODE = wholemodule;
				SWIFT_OPTIMIZATION_LEVEL = "-O";
				VALIDATE_PRODUCT = YES;
				VERSIONING_SYSTEM = "apple-generic";
				VERSION_INFO_PREFIX = "";
			};
			name = Release;
		};
		38583CBA24047FC80038FC4C /* Debug */ = {
			isa = XCBuildConfiguration;
			buildSettings = {
				CLANG_ENABLE_MODULES = YES;
				CODE_SIGN_STYLE = Automatic;
				DEFINES_MODULE = YES;
				DEVELOPMENT_TEAM = 4W64BNS34B;
				DYLIB_COMPATIBILITY_VERSION = 1;
				DYLIB_CURRENT_VERSION = 1;
				DYLIB_INSTALL_NAME_BASE = "@rpath";
				INFOPLIST_FILE = CoreNavigation/Info.plist;
				INSTALL_PATH = "$(LOCAL_LIBRARY_DIR)/Frameworks";
				LD_RUNPATH_SEARCH_PATHS = (
					"$(inherited)",
					"@executable_path/Frameworks",
					"@loader_path/Frameworks",
				);
				PRODUCT_BUNDLE_IDENTIFIER = com.lotuslambda.CoreNavigation;
				PRODUCT_NAME = CoreNavigation;
				SKIP_INSTALL = YES;
				SWIFT_OPTIMIZATION_LEVEL = "-Onone";
				SWIFT_VERSION = 5.0;
				TARGETED_DEVICE_FAMILY = "1,2";
			};
			name = Debug;
		};
		38583CBB24047FC80038FC4C /* Release */ = {
			isa = XCBuildConfiguration;
			buildSettings = {
				CLANG_ENABLE_MODULES = YES;
				CODE_SIGN_STYLE = Automatic;
				DEFINES_MODULE = YES;
				DEVELOPMENT_TEAM = 4W64BNS34B;
				DYLIB_COMPATIBILITY_VERSION = 1;
				DYLIB_CURRENT_VERSION = 1;
				DYLIB_INSTALL_NAME_BASE = "@rpath";
				INFOPLIST_FILE = CoreNavigation/Info.plist;
				INSTALL_PATH = "$(LOCAL_LIBRARY_DIR)/Frameworks";
				LD_RUNPATH_SEARCH_PATHS = (
					"$(inherited)",
					"@executable_path/Frameworks",
					"@loader_path/Frameworks",
				);
				PRODUCT_BUNDLE_IDENTIFIER = com.lotuslambda.CoreNavigation;
				PRODUCT_NAME = CoreNavigation;
				SKIP_INSTALL = YES;
				SWIFT_VERSION = 5.0;
				TARGETED_DEVICE_FAMILY = "1,2";
			};
			name = Release;
		};
		38583CD8240481540038FC4C /* Debug */ = {
			isa = XCBuildConfiguration;
			buildSettings = {
				ASSETCATALOG_COMPILER_APPICON_NAME = AppIcon;
				CODE_SIGN_ENTITLEMENTS = HostApp/HostApp.entitlements;
				CODE_SIGN_STYLE = Automatic;
				DERIVE_MACCATALYST_PRODUCT_BUNDLE_IDENTIFIER = YES;
				DEVELOPMENT_ASSET_PATHS = "\"HostApp/Preview Content\"";
				DEVELOPMENT_TEAM = 4W64BNS34B;
				ENABLE_PREVIEWS = YES;
				INFOPLIST_FILE = HostApp/Info.plist;
				LD_RUNPATH_SEARCH_PATHS = (
					"$(inherited)",
					"@executable_path/Frameworks",
				);
				PRODUCT_BUNDLE_IDENTIFIER = com.lotuslambda.HostApp;
				PRODUCT_NAME = "$(TARGET_NAME)";
				SUPPORTS_MACCATALYST = YES;
				SWIFT_VERSION = 5.0;
				TARGETED_DEVICE_FAMILY = "1,2";
			};
			name = Debug;
		};
		38583CD9240481540038FC4C /* Release */ = {
			isa = XCBuildConfiguration;
			buildSettings = {
				ASSETCATALOG_COMPILER_APPICON_NAME = AppIcon;
				CODE_SIGN_ENTITLEMENTS = HostApp/HostApp.entitlements;
				CODE_SIGN_STYLE = Automatic;
				DERIVE_MACCATALYST_PRODUCT_BUNDLE_IDENTIFIER = YES;
				DEVELOPMENT_ASSET_PATHS = "\"HostApp/Preview Content\"";
				DEVELOPMENT_TEAM = 4W64BNS34B;
				ENABLE_PREVIEWS = YES;
				INFOPLIST_FILE = HostApp/Info.plist;
				LD_RUNPATH_SEARCH_PATHS = (
					"$(inherited)",
					"@executable_path/Frameworks",
				);
				PRODUCT_BUNDLE_IDENTIFIER = com.lotuslambda.HostApp;
				PRODUCT_NAME = "$(TARGET_NAME)";
				SUPPORTS_MACCATALYST = YES;
				SWIFT_VERSION = 5.0;
				TARGETED_DEVICE_FAMILY = "1,2";
			};
			name = Release;
		};
		38F0234F2408294000B6C8E3 /* Debug */ = {
			isa = XCBuildConfiguration;
			buildSettings = {
				CODE_SIGN_STYLE = Automatic;
				DEFINES_MODULE = YES;
				DEVELOPMENT_TEAM = 4W64BNS34B;
				DYLIB_COMPATIBILITY_VERSION = 1;
				DYLIB_CURRENT_VERSION = 1;
				DYLIB_INSTALL_NAME_BASE = "@rpath";
				INFOPLIST_FILE = CoreNavigation/Info.plist;
				INSTALL_PATH = "$(LOCAL_LIBRARY_DIR)/Frameworks";
				LD_RUNPATH_SEARCH_PATHS = (
					"$(inherited)",
					"@executable_path/Frameworks",
					"@loader_path/Frameworks",
				);
				PRODUCT_BUNDLE_IDENTIFIER = com.lotuslambda.CoreNavigation;
				PRODUCT_NAME = CoreNavigation;
				SDKROOT = appletvos;
				SKIP_INSTALL = YES;
				SWIFT_VERSION = 5.0;
				TARGETED_DEVICE_FAMILY = 3;
				TVOS_DEPLOYMENT_TARGET = 13.2;
			};
			name = Debug;
		};
		38F023502408294000B6C8E3 /* Release */ = {
			isa = XCBuildConfiguration;
			buildSettings = {
				CODE_SIGN_STYLE = Automatic;
				DEFINES_MODULE = YES;
				DEVELOPMENT_TEAM = 4W64BNS34B;
				DYLIB_COMPATIBILITY_VERSION = 1;
				DYLIB_CURRENT_VERSION = 1;
				DYLIB_INSTALL_NAME_BASE = "@rpath";
				INFOPLIST_FILE = CoreNavigation/Info.plist;
				INSTALL_PATH = "$(LOCAL_LIBRARY_DIR)/Frameworks";
				LD_RUNPATH_SEARCH_PATHS = (
					"$(inherited)",
					"@executable_path/Frameworks",
					"@loader_path/Frameworks",
				);
				PRODUCT_BUNDLE_IDENTIFIER = com.lotuslambda.CoreNavigation;
				PRODUCT_NAME = CoreNavigation;
				SDKROOT = appletvos;
				SKIP_INSTALL = YES;
				SWIFT_VERSION = 5.0;
				TARGETED_DEVICE_FAMILY = 3;
				TVOS_DEPLOYMENT_TARGET = 13.2;
			};
			name = Release;
		};
		38F0238724082AC400B6C8E3 /* Debug */ = {
			isa = XCBuildConfiguration;
			buildSettings = {
				ASSETCATALOG_COMPILER_APPICON_NAME = "App Icon & Top Shelf Image";
				CODE_SIGN_STYLE = Automatic;
				DEVELOPMENT_ASSET_PATHS = "\"TVApp/Preview Content\"";
				DEVELOPMENT_TEAM = 4W64BNS34B;
				ENABLE_PREVIEWS = YES;
				INFOPLIST_FILE = TVApp/Info.plist;
				LD_RUNPATH_SEARCH_PATHS = (
					"$(inherited)",
					"@executable_path/Frameworks",
				);
				PRODUCT_BUNDLE_IDENTIFIER = com.lotuslambda.TVApp;
				PRODUCT_NAME = "$(TARGET_NAME)";
				SDKROOT = appletvos;
				SWIFT_VERSION = 5.0;
				TARGETED_DEVICE_FAMILY = 3;
				TVOS_DEPLOYMENT_TARGET = 13.2;
			};
			name = Debug;
		};
		38F0238824082AC400B6C8E3 /* Release */ = {
			isa = XCBuildConfiguration;
			buildSettings = {
				ASSETCATALOG_COMPILER_APPICON_NAME = "App Icon & Top Shelf Image";
				CODE_SIGN_STYLE = Automatic;
				DEVELOPMENT_ASSET_PATHS = "\"TVApp/Preview Content\"";
				DEVELOPMENT_TEAM = 4W64BNS34B;
				ENABLE_PREVIEWS = YES;
				INFOPLIST_FILE = TVApp/Info.plist;
				LD_RUNPATH_SEARCH_PATHS = (
					"$(inherited)",
					"@executable_path/Frameworks",
				);
				PRODUCT_BUNDLE_IDENTIFIER = com.lotuslambda.TVApp;
				PRODUCT_NAME = "$(TARGET_NAME)";
				SDKROOT = appletvos;
				SWIFT_VERSION = 5.0;
				TARGETED_DEVICE_FAMILY = 3;
				TVOS_DEPLOYMENT_TARGET = 13.2;
			};
			name = Release;
		};
/* End XCBuildConfiguration section */

/* Begin XCConfigurationList section */
		38583CAB24047FC80038FC4C /* Build configuration list for PBXProject "CoreNavigation" */ = {
			isa = XCConfigurationList;
			buildConfigurations = (
				38583CB724047FC80038FC4C /* Debug */,
				38583CB824047FC80038FC4C /* Release */,
			);
			defaultConfigurationIsVisible = 0;
			defaultConfigurationName = Release;
		};
		38583CB924047FC80038FC4C /* Build configuration list for PBXNativeTarget "iOS CoreNavigation" */ = {
			isa = XCConfigurationList;
			buildConfigurations = (
				38583CBA24047FC80038FC4C /* Debug */,
				38583CBB24047FC80038FC4C /* Release */,
			);
			defaultConfigurationIsVisible = 0;
			defaultConfigurationName = Release;
		};
		38583CD7240481540038FC4C /* Build configuration list for PBXNativeTarget "HostApp" */ = {
			isa = XCConfigurationList;
			buildConfigurations = (
				38583CD8240481540038FC4C /* Debug */,
				38583CD9240481540038FC4C /* Release */,
			);
			defaultConfigurationIsVisible = 0;
			defaultConfigurationName = Release;
		};
		38F0234E2408294000B6C8E3 /* Build configuration list for PBXNativeTarget "tvOS CoreNavigation" */ = {
			isa = XCConfigurationList;
			buildConfigurations = (
				38F0234F2408294000B6C8E3 /* Debug */,
				38F023502408294000B6C8E3 /* Release */,
			);
			defaultConfigurationIsVisible = 0;
			defaultConfigurationName = Release;
		};
		38F0238624082AC400B6C8E3 /* Build configuration list for PBXNativeTarget "TVApp" */ = {
			isa = XCConfigurationList;
			buildConfigurations = (
				38F0238724082AC400B6C8E3 /* Debug */,
				38F0238824082AC400B6C8E3 /* Release */,
			);
			defaultConfigurationIsVisible = 0;
			defaultConfigurationName = Release;
		};
/* End XCConfigurationList section */
	};
	rootObject = 38583CA824047FC80038FC4C /* Project object */;
}
